# This file is automatically @generated by Cargo.
# It is not intended for manual editing.
version = 4

[[package]]
name = "exub-cli"
version = "0.1.0"
dependencies = [
 "market-data",
 "signals",
 "vol",
]

[[package]]
name = "market-data"
version = "0.1.0"

[[package]]
name = "signals"
version = "0.1.0"
dependencies = [
 "market-data",
 "vol",
]

[[package]]
name = "vol"
version = "0.1.0"
